п»ї
Microsoft Visual Studio Solution File, Format Version 12.00
# Visual Studio Version 17
VisualStudioVersion = 17.11.35222.181
MinimumVisualStudioVersion = 10.0.40219.1
Project("{8BC9CEB8-8B4A-11D0-8D11-00A0C91BC942}") = "Task_2", "Task_2.vcxproj", "{680AB507-FEED-4DCC-8B36-DBC9A63215E1}"
EndProject
Global
	GlobalSection(SolutionConfigurationPlatforms) = preSolution
		Debug|x64 = Debug|x64
		Debug|x86 = Debug|x86
		Release|x64 = Release|x64
		Release|x86 = Release|x86
	EndGlobalSection
	GlobalSection(ProjectConfigurationPlatforms) = postSolution
		{680AB507-FEED-4DCC-8B36-DBC9A63215E1}.Debug|x64.ActiveCfg = Debug|x64
		{680AB507-FEED-4DCC-8B36-DBC9A63215E1}.Debug|x64.Build.0 = Debug|x64
		{680AB507-FEED-4DCC-8B36-DBC9A63215E1}.Debug|x86.ActiveCfg = Debug|Win32
		{680AB507-FEED-4DCC-8B36-DBC9A63215E1}.Debug|x86.Build.0 = Debug|Win32
		{680AB507-FEED-4DCC-8B36-DBC9A63215E1}.Release|x64.ActiveCfg = Release|x64
		{680AB507-FEED-4DCC-8B36-DBC9A63215E1}.Release|x64.Build.0 = Release|x64
		{680AB507-FEED-4DCC-8B36-DBC9A63215E1}.Release|x86.ActiveCfg = Release|Win32
		{680AB507-FEED-4DCC-8B36-DBC9A63215E1}.Release|x86.Build.0 = Release|Win32
	EndGlobalSection
	GlobalSection(SolutionProperties) = preSolution
		HideSolutionNode = FALSE
	EndGlobalSection
	GlobalSection(ExtensibilityGlobals) = postSolution
		SolutionGuid = {3A1BE845-1ECF-4987-A93F-AB7A1C1A15D6}
	EndGlobalSection
EndGlobal
